// !$*UTF8*$!
{
	archiveVersion = 1;
	classes = {
	};
	objectVersion = 46;
	objects = {

/* Begin PBXBuildFile section */
		E1B96ED61DE6C29A008BE8AE /* ViewController.mm in Sources */ = {isa = PBXBuildFile; fileRef = E1B96ED51DE6C29A008BE8AE /* ViewController.mm */; };
		E1B96ED91DE6C29A008BE8AE /* Main.storyboard in Resources */ = {isa = PBXBuildFile; fileRef = E1B96ED71DE6C29A008BE8AE /* Main.storyboard */; };
		E1B96EDB1DE6C29A008BE8AE /* Assets.xcassets in Resources */ = {isa = PBXBuildFile; fileRef = E1B96EDA1DE6C29A008BE8AE /* Assets.xcassets */; };
		E1B96EDE1DE6C29A008BE8AE /* LaunchScreen.storyboard in Resources */ = {isa = PBXBuildFile; fileRef = E1B96EDC1DE6C29A008BE8AE /* LaunchScreen.storyboard */; };
		E1B96EE71DE6C494008BE8AE /* GLKit.framework in Frameworks */ = {isa = PBXBuildFile; fileRef = E1B96EE61DE6C494008BE8AE /* GLKit.framework */; };
		E1B96EE91DE6C49A008BE8AE /* OpenGLES.framework in Frameworks */ = {isa = PBXBuildFile; fileRef = E1B96EE81DE6C49A008BE8AE /* OpenGLES.framework */; };
		E1B96EF61DE7E8C1008BE8AE /* shader.fsh in Resources */ = {isa = PBXBuildFile; fileRef = E1B96EF41DE7E8C1008BE8AE /* shader.fsh */; };
		E1B96EF71DE7E8C1008BE8AE /* shader.vsh in Resources */ = {isa = PBXBuildFile; fileRef = E1B96EF51DE7E8C1008BE8AE /* shader.vsh */; };
		E1B96EFA1DE82150008BE8AE /* CubeApplication.cpp in Sources */ = {isa = PBXBuildFile; fileRef = E1B96EF81DE82150008BE8AE /* CubeApplication.cpp */; };
		E1B96F041DE83976008BE8AE /* AppDelegate.m in Sources */ = {isa = PBXBuildFile; fileRef = E1B96EFC1DE83976008BE8AE /* AppDelegate.m */; };
		E1B96F051DE83976008BE8AE /* FileWrapper.m in Sources */ = {isa = PBXBuildFile; fileRef = E1B96EFE1DE83976008BE8AE /* FileWrapper.m */; };
		E1B96F061DE83976008BE8AE /* GLApplication.cpp in Sources */ = {isa = PBXBuildFile; fileRef = E1B96EFF1DE83976008BE8AE /* GLApplication.cpp */; };
		E1B96F071DE83976008BE8AE /* main.m in Sources */ = {isa = PBXBuildFile; fileRef = E1B96F011DE83976008BE8AE /* main.m */; };
		E1B96F081DE83976008BE8AE /* Util.c in Sources */ = {isa = PBXBuildFile; fileRef = E1B96F021DE83976008BE8AE /* Util.c */; };
/* End PBXBuildFile section */

/* Begin PBXFileReference section */
		E10C94B41DF51B23006C23B2 /* Shader.h */ = {isa = PBXFileReference; fileEncoding = 4; lastKnownFileType = sourcecode.c.h; name = Shader.h; path = ../../Common/Shader.h; sourceTree = "<group>"; };
		E1B96ECB1DE6C29A008BE8AE /* Cube.app */ = {isa = PBXFileReference; explicitFileType = wrapper.application; includeInIndex = 0; path = Cube.app; sourceTree = BUILT_PRODUCTS_DIR; };
		E1B96ECF1DE6C29A008BE8AE /* main.m */ = {isa = PBXFileReference; lastKnownFileType = sourcecode.c.objc; path = main.m; sourceTree = "<group>"; };
		E1B96ED41DE6C29A008BE8AE /* ViewController.h */ = {isa = PBXFileReference; lastKnownFileType = sourcecode.c.h; lineEnding = 0; path = ViewController.h; sourceTree = "<group>"; xcLanguageSpecificationIdentifier = xcode.lang.objcpp; };
		E1B96ED51DE6C29A008BE8AE /* ViewController.mm */ = {isa = PBXFileReference; lastKnownFileType = sourcecode.cpp.objcpp; lineEnding = 0; path = ViewController.mm; sourceTree = "<group>"; xcLanguageSpecificationIdentifier = xcode.lang.objcpp; };
		E1B96ED81DE6C29A008BE8AE /* Base */ = {isa = PBXFileReference; lastKnownFileType = file.storyboard; name = Base; path = Base.lproj/Main.storyboard; sourceTree = "<group>"; };
		E1B96EDA1DE6C29A008BE8AE /* Assets.xcassets */ = {isa = PBXFileReference; lastKnownFileType = folder.assetcatalog; path = Assets.xcassets; sourceTree = "<group>"; };
		E1B96EDD1DE6C29A008BE8AE /* Base */ = {isa = PBXFileReference; lastKnownFileType = file.storyboard; name = Base; path = Base.lproj/LaunchScreen.storyboard; sourceTree = "<group>"; };
		E1B96EDF1DE6C29A008BE8AE /* Info.plist */ = {isa = PBXFileReference; lastKnownFileType = text.plist.xml; path = Info.plist; sourceTree = "<group>"; };
		E1B96EE61DE6C494008BE8AE /* GLKit.framework */ = {isa = PBXFileReference; lastKnownFileType = wrapper.framework; name = GLKit.framework; path = System/Library/Frameworks/GLKit.framework; sourceTree = SDKROOT; };
		E1B96EE81DE6C49A008BE8AE /* OpenGLES.framework */ = {isa = PBXFileReference; lastKnownFileType = wrapper.framework; name = OpenGLES.framework; path = System/Library/Frameworks/OpenGLES.framework; sourceTree = SDKROOT; };
		E1B96EF41DE7E8C1008BE8AE /* shader.fsh */ = {isa = PBXFileReference; fileEncoding = 4; lastKnownFileType = sourcecode.glsl; path = shader.fsh; sourceTree = "<group>"; };
		E1B96EF51DE7E8C1008BE8AE /* shader.vsh */ = {isa = PBXFileReference; fileEncoding = 4; lastKnownFileType = sourcecode.glsl; path = shader.vsh; sourceTree = "<group>"; };
		E1B96EF81DE82150008BE8AE /* CubeApplication.cpp */ = {isa = PBXFileReference; fileEncoding = 4; lastKnownFileType = sourcecode.cpp.cpp; lineEnding = 0; path = CubeApplication.cpp; sourceTree = "<group>"; xcLanguageSpecificationIdentifier = xcode.lang.cpp; };
		E1B96EF91DE82150008BE8AE /* CubeApplication.h */ = {isa = PBXFileReference; fileEncoding = 4; lastKnownFileType = sourcecode.c.h; lineEnding = 0; path = CubeApplication.h; sourceTree = "<group>"; xcLanguageSpecificationIdentifier = xcode.lang.cpp; };
		E1B96EFB1DE83976008BE8AE /* AppDelegate.h */ = {isa = PBXFileReference; fileEncoding = 4; lastKnownFileType = sourcecode.c.h; name = AppDelegate.h; path = ../../Common/AppDelegate.h; sourceTree = "<group>"; };
		E1B96EFC1DE83976008BE8AE /* AppDelegate.m */ = {isa = PBXFileReference; fileEncoding = 4; lastKnownFileType = sourcecode.c.objc; name = AppDelegate.m; path = ../../Common/AppDelegate.m; sourceTree = "<group>"; };
		E1B96EFD1DE83976008BE8AE /* FileWrapper.h */ = {isa = PBXFileReference; fileEncoding = 4; lastKnownFileType = sourcecode.c.h; name = FileWrapper.h; path = ../../Common/FileWrapper.h; sourceTree = "<group>"; };
		E1B96EFE1DE83976008BE8AE /* FileWrapper.m */ = {isa = PBXFileReference; fileEncoding = 4; lastKnownFileType = sourcecode.c.objc; name = FileWrapper.m; path = ../../Common/FileWrapper.m; sourceTree = "<group>"; };
		E1B96EFF1DE83976008BE8AE /* GLApplication.cpp */ = {isa = PBXFileReference; fileEncoding = 4; lastKnownFileType = sourcecode.cpp.cpp; name = GLApplication.cpp; path = ../../Common/GLApplication.cpp; sourceTree = "<group>"; };
		E1B96F001DE83976008BE8AE /* GLApplication.h */ = {isa = PBXFileReference; fileEncoding = 4; lastKnownFileType = sourcecode.c.h; name = GLApplication.h; path = ../../Common/GLApplication.h; sourceTree = "<group>"; };
		E1B96F011DE83976008BE8AE /* main.m */ = {isa = PBXFileReference; fileEncoding = 4; lastKnownFileType = sourcecode.c.objc; name = main.m; path = ../../Common/main.m; sourceTree = "<group>"; };
		E1B96F021DE83976008BE8AE /* Util.c */ = {isa = PBXFileReference; fileEncoding = 4; lastKnownFileType = sourcecode.c.c; name = Util.c; path = ../../Common/Util.c; sourceTree = "<group>"; };
		E1B96F031DE83976008BE8AE /* Util.h */ = {isa = PBXFileReference; fileEncoding = 4; lastKnownFileType = sourcecode.c.h; name = Util.h; path = ../../Common/Util.h; sourceTree = "<group>"; };
/* End PBXFileReference section */

/* Begin PBXFrameworksBuildPhase section */
		E1B96EC81DE6C29A008BE8AE /* Frameworks */ = {
			isa = PBXFrameworksBuildPhase;
			buildActionMask = 2147483647;
			files = (
				E1B96EE91DE6C49A008BE8AE /* OpenGLES.framework in Frameworks */,
				E1B96EE71DE6C494008BE8AE /* GLKit.framework in Frameworks */,
			);
			runOnlyForDeploymentPostprocessing = 0;
		};
/* End PBXFrameworksBuildPhase section */

/* Begin PBXGroup section */
		E1B96EC21DE6C29A008BE8AE = {
			isa = PBXGroup;
			children = (
				E1B96ECD1DE6C29A008BE8AE /* Cube */,
				E1B96ECC1DE6C29A008BE8AE /* Products */,
				E1B96EE51DE6C493008BE8AE /* Frameworks */,
			);
			sourceTree = "<group>";
		};
		E1B96ECC1DE6C29A008BE8AE /* Products */ = {
			isa = PBXGroup;
			children = (
				E1B96ECB1DE6C29A008BE8AE /* Cube.app */,
			);
			name = Products;
			sourceTree = "<group>";
		};
		E1B96ECD1DE6C29A008BE8AE /* Cube */ = {
			isa = PBXGroup;
			children = (
				E1B96F091DE84F3A008BE8AE /* Common */,
				E1B96ED41DE6C29A008BE8AE /* ViewController.h */,
				E1B96ED51DE6C29A008BE8AE /* ViewController.mm */,
				E1B96EF81DE82150008BE8AE /* CubeApplication.cpp */,
				E1B96EF91DE82150008BE8AE /* CubeApplication.h */,
				E1B96EF41DE7E8C1008BE8AE /* shader.fsh */,
				E1B96EF51DE7E8C1008BE8AE /* shader.vsh */,
				E1B96ED71DE6C29A008BE8AE /* Main.storyboard */,
				E1B96EDA1DE6C29A008BE8AE /* Assets.xcassets */,
				E1B96EDC1DE6C29A008BE8AE /* LaunchScreen.storyboard */,
				E1B96EDF1DE6C29A008BE8AE /* Info.plist */,
				E1B96ECE1DE6C29A008BE8AE /* Supporting Files */,
			);
			path = Cube;
			sourceTree = "<group>";
		};
		E1B96ECE1DE6C29A008BE8AE /* Supporting Files */ = {
			isa = PBXGroup;
			children = (
				E1B96ECF1DE6C29A008BE8AE /* main.m */,
			);
			name = "Supporting Files";
			sourceTree = "<group>";
		};
		E1B96EE51DE6C493008BE8AE /* Frameworks */ = {
			isa = PBXGroup;
			children = (
				E1B96EE81DE6C49A008BE8AE /* OpenGLES.framework */,
				E1B96EE61DE6C494008BE8AE /* GLKit.framework */,
			);
			name = Frameworks;
			sourceTree = "<group>";
		};
		E1B96F091DE84F3A008BE8AE /* Common */ = {
			isa = PBXGroup;
			children = (
				E10C94B41DF51B23006C23B2 /* Shader.h */,
				E1B96EFB1DE83976008BE8AE /* AppDelegate.h */,
				E1B96EFC1DE83976008BE8AE /* AppDelegate.m */,
				E1B96EFD1DE83976008BE8AE /* FileWrapper.h */,
				E1B96EFE1DE83976008BE8AE /* FileWrapper.m */,
				E1B96EFF1DE83976008BE8AE /* GLApplication.cpp */,
				E1B96F001DE83976008BE8AE /* GLApplication.h */,
				E1B96F011DE83976008BE8AE /* main.m */,
				E1B96F021DE83976008BE8AE /* Util.c */,
				E1B96F031DE83976008BE8AE /* Util.h */,
			);
			name = Common;
			sourceTree = "<group>";
		};
/* End PBXGroup section */

/* Begin PBXNativeTarget section */
		E1B96ECA1DE6C29A008BE8AE /* Cube */ = {
			isa = PBXNativeTarget;
			buildConfigurationList = E1B96EE21DE6C29A008BE8AE /* Build configuration list for PBXNativeTarget "Cube" */;
			buildPhases = (
				E1B96EC71DE6C29A008BE8AE /* Sources */,
				E1B96EC81DE6C29A008BE8AE /* Frameworks */,
				E1B96EC91DE6C29A008BE8AE /* Resources */,
			);
			buildRules = (
			);
			dependencies = (
			);
			name = Cube;
			productName = Cube;
			productReference = E1B96ECB1DE6C29A008BE8AE /* Cube.app */;
			productType = "com.apple.product-type.application";
		};
/* End PBXNativeTarget section */

/* Begin PBXProject section */
		E1B96EC31DE6C29A008BE8AE /* Project object */ = {
			isa = PBXProject;
			attributes = {
				LastUpgradeCheck = 0800;
				ORGANIZATIONNAME = pocoyo;
				TargetAttributes = {
					E1B96ECA1DE6C29A008BE8AE = {
						CreatedOnToolsVersion = 8.0;
						DevelopmentTeam = 2R9Y726MPG;
						ProvisioningStyle = Automatic;
					};
				};
			};
			buildConfigurationList = E1B96EC61DE6C29A008BE8AE /* Build configuration list for PBXProject "Cube" */;
			compatibilityVersion = "Xcode 3.2";
			developmentRegion = English;
			hasScannedForEncodings = 0;
			knownRegions = (
				en,
				Base,
			);
			mainGroup = E1B96EC21DE6C29A008BE8AE;
			productRefGroup = E1B96ECC1DE6C29A008BE8AE /* Products */;
			projectDirPath = "";
			projectRoot = "";
			targets = (
				E1B96ECA1DE6C29A008BE8AE /* Cube */,
			);
		};
/* End PBXProject section */

/* Begin PBXResourcesBuildPhase section */
		E1B96EC91DE6C29A008BE8AE /* Resources */ = {
			isa = PBXResourcesBuildPhase;
			buildActionMask = 2147483647;
			files = (
				E1B96EF71DE7E8C1008BE8AE /* shader.vsh in Resources */,
				E1B96EF61DE7E8C1008BE8AE /* shader.fsh in Resources */,
				E1B96EDE1DE6C29A008BE8AE /* LaunchScreen.storyboard in Resources */,
				E1B96EDB1DE6C29A008BE8AE /* Assets.xcassets in Resources */,
				E1B96ED91DE6C29A008BE8AE /* Main.storyboard in Resources */,
			);
			runOnlyForDeploymentPostprocessing = 0;
		};
/* End PBXResourcesBuildPhase section */

/* Begin PBXSourcesBuildPhase section */
		E1B96EC71DE6C29A008BE8AE /* Sources */ = {
			isa = PBXSourcesBuildPhase;
			buildActionMask = 2147483647;
			files = (
				E1B96F071DE83976008BE8AE /* main.m in Sources */,
				E1B96ED61DE6C29A008BE8AE /* ViewController.mm in Sources */,
				E1B96F051DE83976008BE8AE /* FileWrapper.m in Sources */,
				E1B96F061DE83976008BE8AE /* GLApplication.cpp in Sources */,
				E1B96EFA1DE82150008BE8AE /* CubeApplication.cpp in Sources */,
				E1B96F081DE83976008BE8AE /* Util.c in Sources */,
				E1B96F041DE83976008BE8AE /* AppDelegate.m in Sources */,
			);
			runOnlyForDeploymentPostprocessing = 0;
		};
/* End PBXSourcesBuildPhase section */

/* Begin PBXVariantGroup section */
		E1B96ED71DE6C29A008BE8AE /* Main.storyboard */ = {
			isa = PBXVariantGroup;
			children = (
				E1B96ED81DE6C29A008BE8AE /* Base */,
			);
			name = Main.storyboard;
			sourceTree = "<group>";
		};
		E1B96EDC1DE6C29A008BE8AE /* LaunchScreen.storyboard */ = {
			isa = PBXVariantGroup;
			children = (
				E1B96EDD1DE6C29A008BE8AE /* Base */,
			);
			name = LaunchScreen.storyboard;
			sourceTree = "<group>";
		};
/* End PBXVariantGroup section */

/* Begin XCBuildConfiguration section */
		E1B96EE01DE6C29A008BE8AE /* Debug */ = {
			isa = XCBuildConfiguration;
			buildSettings = {
				ALWAYS_SEARCH_USER_PATHS = NO;
				CLANG_ANALYZER_NONNULL = YES;
				CLANG_CXX_LANGUAGE_STANDARD = "gnu++0x";
				CLANG_CXX_LIBRARY = "libc++";
				CLANG_ENABLE_MODULES = YES;
				CLANG_ENABLE_OBJC_ARC = YES;
				CLANG_WARN_BOOL_CONVERSION = YES;
				CLANG_WARN_CONSTANT_CONVERSION = YES;
				CLANG_WARN_DIRECT_OBJC_ISA_USAGE = YES_ERROR;
				CLANG_WARN_DOCUMENTATION_COMMENTS = YES;
				CLANG_WARN_EMPTY_BODY = YES;
				CLANG_WARN_ENUM_CONVERSION = YES;
				CLANG_WARN_INFINITE_RECURSION = YES;
				CLANG_WARN_INT_CONVERSION = YES;
				CLANG_WARN_OBJC_ROOT_CLASS = YES_ERROR;
				CLANG_WARN_SUSPICIOUS_MOVES = YES;
				CLANG_WARN_UNREACHABLE_CODE = YES;
				CLANG_WARN__DUPLICATE_METHOD_MATCH = YES;
				"CODE_SIGN_IDENTITY[sdk=iphoneos*]" = "iPhone Developer";
				COPY_PHASE_STRIP = NO;
				DEBUG_INFORMATION_FORMAT = dwarf;
				ENABLE_STRICT_OBJC_MSGSEND = YES;
				ENABLE_TESTABILITY = YES;
				GCC_C_LANGUAGE_STANDARD = gnu99;
				GCC_DYNAMIC_NO_PIC = NO;
				GCC_NO_COMMON_BLOCKS = YES;
				GCC_OPTIMIZATION_LEVEL = 0;
				GCC_PREPROCESSOR_DEFINITIONS = (
					"DEBUG=1",
					"$(inherited)",
				);
				GCC_WARN_64_TO_32_BIT_CONVERSION = YES;
				GCC_WARN_ABOUT_RETURN_TYPE = YES_ERROR;
				GCC_WARN_UNDECLARED_SELECTOR = YES;
				GCC_WARN_UNINITIALIZED_AUTOS = YES_AGGRESSIVE;
				GCC_WARN_UNUSED_FUNCTION = YES;
				GCC_WARN_UNUSED_VARIABLE = YES;
				IPHONEOS_DEPLOYMENT_TARGET = 10.0;
				MTL_ENABLE_DEBUG_INFO = YES;
				ONLY_ACTIVE_ARCH = YES;
				SDKROOT = iphoneos;
			};
			name = Debug;
		};
		E1B96EE11DE6C29A008BE8AE /* Release */ = {
			isa = XCBuildConfiguration;
			buildSettings = {
				ALWAYS_SEARCH_USER_PATHS = NO;
				CLANG_ANALYZER_NONNULL = YES;
				CLANG_CXX_LANGUAGE_STANDARD = "gnu++0x";
				CLANG_CXX_LIBRARY = "libc++";
				CLANG_ENABLE_MODULES = YES;
				CLANG_ENABLE_OBJC_ARC = YES;
				CLANG_WARN_BOOL_CONVERSION = YES;
				CLANG_WARN_CONSTANT_CONVERSION = YES;
				CLANG_WARN_DIRECT_OBJC_ISA_USAGE = YES_ERROR;
				CLANG_WARN_DOCUMENTATION_COMMENTS = YES;
				CLANG_WARN_EMPTY_BODY = YES;
				CLANG_WARN_ENUM_CONVERSION = YES;
				CLANG_WARN_INFINITE_RECURSION = YES;
				CLANG_WARN_INT_CONVERSION = YES;
				CLANG_WARN_OBJC_ROOT_CLASS = YES_ERROR;
				CLANG_WARN_SUSPICIOUS_MOVES = YES;
				CLANG_WARN_UNREACHABLE_CODE = YES;
				CLANG_WARN__DUPLICATE_METHOD_MATCH = YES;
				"CODE_SIGN_IDENTITY[sdk=iphoneos*]" = "iPhone Developer";
				COPY_PHASE_STRIP = NO;
				DEBUG_INFORMATION_FORMAT = "dwarf-with-dsym";
				ENABLE_NS_ASSERTIONS = NO;
				ENABLE_STRICT_OBJC_MSGSEND = YES;
				GCC_C_LANGUAGE_STANDARD = gnu99;
				GCC_NO_COMMON_BLOCKS = YES;
				GCC_WARN_64_TO_32_BIT_CONVERSION = YES;
				GCC_WARN_ABOUT_RETURN_TYPE = YES_ERROR;
				GCC_WARN_UNDECLARED_SELECTOR = YES;
				GCC_WARN_UNINITIALIZED_AUTOS = YES_AGGRESSIVE;
				GCC_WARN_UNUSED_FUNCTION = YES;
				GCC_WARN_UNUSED_VARIABLE = YES;
				IPHONEOS_DEPLOYMENT_TARGET = 10.0;
				MTL_ENABLE_DEBUG_INFO = NO;
				SDKROOT = iphoneos;
				VALIDATE_PRODUCT = YES;
			};
			name = Release;
		};
		E1B96EE31DE6C29A008BE8AE /* Debug */ = {
			isa = XCBuildConfiguration;
			buildSettings = {
				ASSETCATALOG_COMPILER_APPICON_NAME = AppIcon;
				DEVELOPMENT_TEAM = 2R9Y726MPG;
				INFOPLIST_FILE = Cube/Info.plist;
				IPHONEOS_DEPLOYMENT_TARGET = 8.1;
				LD_RUNPATH_SEARCH_PATHS = "$(inherited) @executable_path/Frameworks";
				PRODUCT_BUNDLE_IDENTIFIER = com.pocoyochow.Cube;
				PRODUCT_NAME = "$(TARGET_NAME)";
				USER_HEADER_SEARCH_PATHS = "$(SRCROOT)/../Common/";
			};
			name = Debug;
		};
		E1B96EE41DE6C29A008BE8AE /* Release */ = {
			isa = XCBuildConfiguration;
			buildSettings = {
				ASSETCATALOG_COMPILER_APPICON_NAME = AppIcon;
				DEVELOPMENT_TEAM = 2R9Y726MPG;
				INFOPLIST_FILE = Cube/Info.plist;
				IPHONEOS_DEPLOYMENT_TARGET = 8.1;
				LD_RUNPATH_SEARCH_PATHS = "$(inherited) @executable_path/Frameworks";
				PRODUCT_BUNDLE_IDENTIFIER = com.pocoyochow.Cube;
				PRODUCT_NAME = "$(TARGET_NAME)";
				USER_HEADER_SEARCH_PATHS = "$(SRCROOT)/../Common/";
			};
			name = Release;
		};
/* End XCBuildConfiguration section */

/* Begin XCConfigurationList section */
		E1B96EC61DE6C29A008BE8AE /* Build configuration list for PBXProject "Cube" */ = {
			isa = XCConfigurationList;
			buildConfigurations = (
				E1B96EE01DE6C29A008BE8AE /* Debug */,
				E1B96EE11DE6C29A008BE8AE /* Release */,
			);
			defaultConfigurationIsVisible = 0;
			defaultConfigurationName = Release;
		};
		E1B96EE21DE6C29A008BE8AE /* Build configuration list for PBXNativeTarget "Cube" */ = {
			isa = XCConfigurationList;
			buildConfigurations = (
				E1B96EE31DE6C29A008BE8AE /* Debug */,
				E1B96EE41DE6C29A008BE8AE /* Release */,
			);
			defaultConfigurationIsVisible = 0;
			defaultConfigurationName = Release;
		};
/* End XCConfigurationList section */
	};
	rootObject = E1B96EC31DE6C29A008BE8AE /* Project object */;
}
